
Microsoft Visual Studio Solution File, Format Version 12.00
# Visual Studio Version 16
VisualStudioVersion = 16.0.32228.343
MinimumVisualStudioVersion = 10.0.40219.1
Project("{FAE04EC0-301F-11D3-BF4B-00C04F79EFBC}") = "NBA.ArenaManagement.WebApp", "NBA.ArenaManagement.WebApp.csproj", "{83EC22DA-3AEE-4D34-BFBC-7BDC3863D862}"
EndProject
Global
	GlobalSection(SolutionConfigurationPlatforms) = preSolution
		Debug|Any CPU = Debug|Any CPU
		Release|Any CPU = Release|Any CPU
	EndGlobalSection
	GlobalSection(ProjectConfigurationPlatforms) = postSolution
		{83EC22DA-3AEE-4D34-BFBC-7BDC3863D862}.Debug|Any CPU.ActiveCfg = Debug|Any CPU
		{83EC22DA-3AEE-4D34-BFBC-7BDC3863D862}.Debug|Any CPU.Build.0 = Debug|Any CPU
		{83EC22DA-3AEE-4D34-BFBC-7BDC3863D862}.Release|Any CPU.ActiveCfg = Release|Any CPU
		{83EC22DA-3AEE-4D34-BFBC-7BDC3863D862}.Release|Any CPU.Build.0 = Release|Any CPU
	EndGlobalSection
	GlobalSection(SolutionProperties) = preSolution
		HideSolutionNode = FALSE
	EndGlobalSection
	GlobalSection(ExtensibilityGlobals) = postSolution
		SolutionGuid = {35B0DA20-9B5E-48E2-A01D-DC8737E0E3A9}
	EndGlobalSection
EndGlobal
